github.com/google/uuid v1.3.0 h1:t6JiXgmwXMjEs8VusXIJk2BXHsn+wx8BZdTaoZ5fu7I=
github.com/google/uuid v1.3.0/go.mod h1:TIyPZe4MgqvfeYDBFedMoGGpEw/LqOeaOT+nhxU+yHo=
go.uber.org/dig v1.14.1 h1:fyakRgZDdi2F8FgwJJoRGangMSPTIxPSLGzR3Oh0/54=
go.uber.org/dig v1.14.1/go.mod h1:52EKx/Vjdpz9EzeNcweC4YMsTrDdFn9mS/+Uw5ZnVTI=
